<?xml version="1.0" encoding="UTF-8"?>
<Project ToolsVersion="15.0" xmlns="http://schemas.microsoft.com/developer/msbuild/2003">
  <ItemGroup>
    <ClCompile Include="C:\Users\chhenning\Numenta\nupic_visual_studio\tools\capnproto\capnproto-c++-0.6.1\src\kj\async-test.c++">
      <Filter>Source Files</Filter>
    </ClCompile>
    <ClCompile Include="C:\Users\chhenning\Numenta\nupic_visual_studio\tools\capnproto\capnproto-c++-0.6.1\src\kj\async-unix-test.c++">
      <Filter>Source Files</Filter>
    </ClCompile>
    <ClCompile Include="C:\Users\chhenning\Numenta\nupic_visual_studio\tools\capnproto\capnproto-c++-0.6.1\src\kj\async-win32-test.c++">
      <Filter>Source Files</Filter>
    </ClCompile>
    <ClCompile Include="C:\Users\chhenning\Numenta\nupic_visual_studio\tools\capnproto\capnproto-c++-0.6.1\src\kj\async-io-test.c++">
      <Filter>Source Files</Filter>
    </ClCompile>
    <ClCompile Include="C:\Users\chhenning\Numenta\nupic_visual_studio\tools\capnproto\capnproto-c++-0.6.1\src\kj\refcount-test.c++">
      <Filter>Source Files</Filter>
    </ClCompile>
    <ClCompile Include="C:\Users\chhenning\Numenta\nupic_visual_studio\tools\capnproto\capnproto-c++-0.6.1\src\kj\string-tree-test.c++">
      <Filter>Source Files</Filter>
    </ClCompile>
    <ClCompile Include="C:\Users\chhenning\Numenta\nupic_visual_studio\tools\capnproto\capnproto-c++-0.6.1\src\kj\arena-test.c++">
      <Filter>Source Files</Filter>
    </ClCompile>
    <ClCompile Include="C:\Users\chhenning\Numenta\nupic_visual_studio\tools\capnproto\capnproto-c++-0.6.1\src\kj\units-test.c++">
      <Filter>Source Files</Filter>
    </ClCompile>
    <ClCompile Include="C:\Users\chhenning\Numenta\nupic_visual_studio\tools\capnproto\capnproto-c++-0.6.1\src\kj\tuple-test.c++">
      <Filter>Source Files</Filter>
    </ClCompile>
    <ClCompile Include="C:\Users\chhenning\Numenta\nupic_visual_studio\tools\capnproto\capnproto-c++-0.6.1\src\kj\one-of-test.c++">
      <Filter>Source Files</Filter>
    </ClCompile>
    <ClCompile Include="C:\Users\chhenning\Numenta\nupic_visual_studio\tools\capnproto\capnproto-c++-0.6.1\src\kj\function-test.c++">
      <Filter>Source Files</Filter>
    </ClCompile>
    <ClCompile Include="C:\Users\chhenning\Numenta\nupic_visual_studio\tools\capnproto\capnproto-c++-0.6.1\src\kj\threadlocal-pthread-test.c++">
      <Filter>Source Files</Filter>
    </ClCompile>
    <ClCompile Include="C:\Users\chhenning\Numenta\nupic_visual_studio\tools\capnproto\capnproto-c++-0.6.1\src\kj\parse\common-test.c++">
      <Filter>Source Files</Filter>
    </ClCompile>
    <ClCompile Include="C:\Users\chhenning\Numenta\nupic_visual_studio\tools\capnproto\capnproto-c++-0.6.1\src\kj\parse\char-test.c++">
      <Filter>Source Files</Filter>
    </ClCompile>
    <ClCompile Include="C:\Users\chhenning\Numenta\nupic_visual_studio\tools\capnproto\capnproto-c++-0.6.1\src\kj\compat\http-test.c++">
      <Filter>Source Files</Filter>
    </ClCompile>
  </ItemGroup>
  <ItemGroup>
    <CustomBuild Include="C:\Users\chhenning\Numenta\nupic_visual_studio\tools\capnproto\capnproto-c++-0.6.1\src\kj\CMakeLists.txt" />
  </ItemGroup>
  <ItemGroup>
    <Filter Include="Source Files">
      <UniqueIdentifier>{B073210D-AFA5-34E8-B3EA-A63559D4EE04}</UniqueIdentifier>
    </Filter>
  </ItemGroup>
</Project>
