Microsoft Visual Studio Solution File, Format Version 12.00
# Visual Studio 15
VisualStudioVersion = 15.0.27004.2006
MinimumVisualStudioVersion = 10.0.40219.1
Project("{8BC9CEB8-8B4A-11D0-8D11-00A0C91BC942}") = "ALL_BUILD", "ALL_BUILD.vcxproj", "{A5277D5C-CA44-39DA-8C32-A2ECE8233586}"
	ProjectSection(ProjectDependencies) = postProject
		{99144B64-6819-3B1B-A754-838DA0918CE2} = {99144B64-6819-3B1B-A754-838DA0918CE2}
		{ECFDCBE9-FD75-3D99-B9C6-010F8B9BD120} = {ECFDCBE9-FD75-3D99-B9C6-010F8B9BD120}
		{83263907-E970-394B-82D5-C61C5C0AF542} = {83263907-E970-394B-82D5-C61C5C0AF542}
		{888A9738-7DFF-3584-A334-3F26CAEB08F9} = {888A9738-7DFF-3584-A334-3F26CAEB08F9}
		{92962CE1-67EE-3E2B-97AC-693AD6EFCD00} = {92962CE1-67EE-3E2B-97AC-693AD6EFCD00}
		{E514C081-97BE-3A6A-9FD4-2BF238E01D11} = {E514C081-97BE-3A6A-9FD4-2BF238E01D11}
		{3738E2EE-E761-3480-B21F-A929AED2A1D3} = {3738E2EE-E761-3480-B21F-A929AED2A1D3}
		{4F4666F9-EA3E-3FED-8277-5DC932871F12} = {4F4666F9-EA3E-3FED-8277-5DC932871F12}
		{563FE01A-898B-3B28-BB4B-D1D6BCABBDAB} = {563FE01A-898B-3B28-BB4B-D1D6BCABBDAB}
		{239D5B75-B314-3DA5-8045-6C62CBA63ABB} = {239D5B75-B314-3DA5-8045-6C62CBA63ABB}
		{A7509414-3802-32D1-8431-B87875067B5C} = {A7509414-3802-32D1-8431-B87875067B5C}
		{24AA1EAB-F4C0-3FC5-A782-251A64237758} = {24AA1EAB-F4C0-3FC5-A782-251A64237758}
		{7087A6A2-91C6-3E0A-8FF9-C0242D02F5BC} = {7087A6A2-91C6-3E0A-8FF9-C0242D02F5BC}
		{F21E2059-F15B-34E7-8EC6-8E8E150B4150} = {F21E2059-F15B-34E7-8EC6-8E8E150B4150}
		{3A8BE303-6781-3919-832D-428D2760EA39} = {3A8BE303-6781-3919-832D-428D2760EA39}
		{82A2B0D0-60EE-34A7-9908-E234879C56A0} = {82A2B0D0-60EE-34A7-9908-E234879C56A0}
		{65F4E6D8-B161-3079-8A23-07C9A9C7B6F8} = {65F4E6D8-B161-3079-8A23-07C9A9C7B6F8}
	EndProjectSection
EndProject
Project("{8BC9CEB8-8B4A-11D0-8D11-00A0C91BC942}") = "Continuous", "src\Continuous.vcxproj", "{96C04A18-A29A-3149-8323-7861ED09AFD5}"
	ProjectSection(ProjectDependencies) = postProject
		{99144B64-6819-3B1B-A754-838DA0918CE2} = {99144B64-6819-3B1B-A754-838DA0918CE2}
	EndProjectSection
EndProject
Project("{8BC9CEB8-8B4A-11D0-8D11-00A0C91BC942}") = "Experimental", "src\Experimental.vcxproj", "{D98B4005-50CE-3B81-87AD-F300B73DFFA2}"
	ProjectSection(ProjectDependencies) = postProject
		{99144B64-6819-3B1B-A754-838DA0918CE2} = {99144B64-6819-3B1B-A754-838DA0918CE2}
	EndProjectSection
EndProject
Project("{8BC9CEB8-8B4A-11D0-8D11-00A0C91BC942}") = "INSTALL", "INSTALL.vcxproj", "{E432139C-EB9F-337C-8788-C9DB449CCDD8}"
	ProjectSection(ProjectDependencies) = postProject
		{A5277D5C-CA44-39DA-8C32-A2ECE8233586} = {A5277D5C-CA44-39DA-8C32-A2ECE8233586}
		{99144B64-6819-3B1B-A754-838DA0918CE2} = {99144B64-6819-3B1B-A754-838DA0918CE2}
	EndProjectSection
EndProject
Project("{8BC9CEB8-8B4A-11D0-8D11-00A0C91BC942}") = "Nightly", "src\Nightly.vcxproj", "{2ED1B5B3-D61D-372E-9F31-3371135F484C}"
	ProjectSection(ProjectDependencies) = postProject
		{99144B64-6819-3B1B-A754-838DA0918CE2} = {99144B64-6819-3B1B-A754-838DA0918CE2}
	EndProjectSection
EndProject
Project("{8BC9CEB8-8B4A-11D0-8D11-00A0C91BC942}") = "NightlyMemoryCheck", "src\NightlyMemoryCheck.vcxproj", "{4C3FFAF2-24E4-3D5C-BFFB-0994DED20C09}"
	ProjectSection(ProjectDependencies) = postProject
		{99144B64-6819-3B1B-A754-838DA0918CE2} = {99144B64-6819-3B1B-A754-838DA0918CE2}
	EndProjectSection
EndProject
Project("{8BC9CEB8-8B4A-11D0-8D11-00A0C91BC942}") = "ZERO_CHECK", "ZERO_CHECK.vcxproj", "{99144B64-6819-3B1B-A754-838DA0918CE2}"
EndProject
Project("{8BC9CEB8-8B4A-11D0-8D11-00A0C91BC942}") = "capnp", "src\capnp\capnp.vcxproj", "{ECFDCBE9-FD75-3D99-B9C6-010F8B9BD120}"
	ProjectSection(ProjectDependencies) = postProject
		{99144B64-6819-3B1B-A754-838DA0918CE2} = {99144B64-6819-3B1B-A754-838DA0918CE2}
		{24AA1EAB-F4C0-3FC5-A782-251A64237758} = {24AA1EAB-F4C0-3FC5-A782-251A64237758}
	EndProjectSection
EndProject
Project("{8BC9CEB8-8B4A-11D0-8D11-00A0C91BC942}") = "capnp-evolution-tests", "src\capnp\capnp-evolution-tests.vcxproj", "{83263907-E970-394B-82D5-C61C5C0AF542}"
	ProjectSection(ProjectDependencies) = postProject
		{99144B64-6819-3B1B-A754-838DA0918CE2} = {99144B64-6819-3B1B-A754-838DA0918CE2}
		{ECFDCBE9-FD75-3D99-B9C6-010F8B9BD120} = {ECFDCBE9-FD75-3D99-B9C6-010F8B9BD120}
		{563FE01A-898B-3B28-BB4B-D1D6BCABBDAB} = {563FE01A-898B-3B28-BB4B-D1D6BCABBDAB}
		{24AA1EAB-F4C0-3FC5-A782-251A64237758} = {24AA1EAB-F4C0-3FC5-A782-251A64237758}
	EndProjectSection
EndProject
Project("{8BC9CEB8-8B4A-11D0-8D11-00A0C91BC942}") = "capnp-heavy-tests", "src\capnp\capnp-heavy-tests.vcxproj", "{888A9738-7DFF-3584-A334-3F26CAEB08F9}"
	ProjectSection(ProjectDependencies) = postProject
		{99144B64-6819-3B1B-A754-838DA0918CE2} = {99144B64-6819-3B1B-A754-838DA0918CE2}
		{ECFDCBE9-FD75-3D99-B9C6-010F8B9BD120} = {ECFDCBE9-FD75-3D99-B9C6-010F8B9BD120}
		{92962CE1-67EE-3E2B-97AC-693AD6EFCD00} = {92962CE1-67EE-3E2B-97AC-693AD6EFCD00}
		{E514C081-97BE-3A6A-9FD4-2BF238E01D11} = {E514C081-97BE-3A6A-9FD4-2BF238E01D11}
		{4F4666F9-EA3E-3FED-8277-5DC932871F12} = {4F4666F9-EA3E-3FED-8277-5DC932871F12}
		{563FE01A-898B-3B28-BB4B-D1D6BCABBDAB} = {563FE01A-898B-3B28-BB4B-D1D6BCABBDAB}
		{A7509414-3802-32D1-8431-B87875067B5C} = {A7509414-3802-32D1-8431-B87875067B5C}
		{24AA1EAB-F4C0-3FC5-A782-251A64237758} = {24AA1EAB-F4C0-3FC5-A782-251A64237758}
		{7087A6A2-91C6-3E0A-8FF9-C0242D02F5BC} = {7087A6A2-91C6-3E0A-8FF9-C0242D02F5BC}
		{82A2B0D0-60EE-34A7-9908-E234879C56A0} = {82A2B0D0-60EE-34A7-9908-E234879C56A0}
	EndProjectSection
EndProject
Project("{8BC9CEB8-8B4A-11D0-8D11-00A0C91BC942}") = "capnp-json", "src\capnp\capnp-json.vcxproj", "{92962CE1-67EE-3E2B-97AC-693AD6EFCD00}"
	ProjectSection(ProjectDependencies) = postProject
		{99144B64-6819-3B1B-A754-838DA0918CE2} = {99144B64-6819-3B1B-A754-838DA0918CE2}
		{ECFDCBE9-FD75-3D99-B9C6-010F8B9BD120} = {ECFDCBE9-FD75-3D99-B9C6-010F8B9BD120}
		{24AA1EAB-F4C0-3FC5-A782-251A64237758} = {24AA1EAB-F4C0-3FC5-A782-251A64237758}
		{7087A6A2-91C6-3E0A-8FF9-C0242D02F5BC} = {7087A6A2-91C6-3E0A-8FF9-C0242D02F5BC}
	EndProjectSection
EndProject
Project("{8BC9CEB8-8B4A-11D0-8D11-00A0C91BC942}") = "capnp-rpc", "src\capnp\capnp-rpc.vcxproj", "{E514C081-97BE-3A6A-9FD4-2BF238E01D11}"
	ProjectSection(ProjectDependencies) = postProject
		{99144B64-6819-3B1B-A754-838DA0918CE2} = {99144B64-6819-3B1B-A754-838DA0918CE2}
		{ECFDCBE9-FD75-3D99-B9C6-010F8B9BD120} = {ECFDCBE9-FD75-3D99-B9C6-010F8B9BD120}
		{24AA1EAB-F4C0-3FC5-A782-251A64237758} = {24AA1EAB-F4C0-3FC5-A782-251A64237758}
		{7087A6A2-91C6-3E0A-8FF9-C0242D02F5BC} = {7087A6A2-91C6-3E0A-8FF9-C0242D02F5BC}
	EndProjectSection
EndProject
Project("{8BC9CEB8-8B4A-11D0-8D11-00A0C91BC942}") = "capnp-tests", "src\capnp\capnp-tests.vcxproj", "{3738E2EE-E761-3480-B21F-A929AED2A1D3}"
	ProjectSection(ProjectDependencies) = postProject
		{99144B64-6819-3B1B-A754-838DA0918CE2} = {99144B64-6819-3B1B-A754-838DA0918CE2}
		{ECFDCBE9-FD75-3D99-B9C6-010F8B9BD120} = {ECFDCBE9-FD75-3D99-B9C6-010F8B9BD120}
		{92962CE1-67EE-3E2B-97AC-693AD6EFCD00} = {92962CE1-67EE-3E2B-97AC-693AD6EFCD00}
		{E514C081-97BE-3A6A-9FD4-2BF238E01D11} = {E514C081-97BE-3A6A-9FD4-2BF238E01D11}
		{4F4666F9-EA3E-3FED-8277-5DC932871F12} = {4F4666F9-EA3E-3FED-8277-5DC932871F12}
		{563FE01A-898B-3B28-BB4B-D1D6BCABBDAB} = {563FE01A-898B-3B28-BB4B-D1D6BCABBDAB}
		{A7509414-3802-32D1-8431-B87875067B5C} = {A7509414-3802-32D1-8431-B87875067B5C}
		{24AA1EAB-F4C0-3FC5-A782-251A64237758} = {24AA1EAB-F4C0-3FC5-A782-251A64237758}
		{7087A6A2-91C6-3E0A-8FF9-C0242D02F5BC} = {7087A6A2-91C6-3E0A-8FF9-C0242D02F5BC}
		{82A2B0D0-60EE-34A7-9908-E234879C56A0} = {82A2B0D0-60EE-34A7-9908-E234879C56A0}
	EndProjectSection
EndProject
Project("{8BC9CEB8-8B4A-11D0-8D11-00A0C91BC942}") = "capnp_tool", "src\capnp\capnp_tool.vcxproj", "{4F4666F9-EA3E-3FED-8277-5DC932871F12}"
	ProjectSection(ProjectDependencies) = postProject
		{99144B64-6819-3B1B-A754-838DA0918CE2} = {99144B64-6819-3B1B-A754-838DA0918CE2}
		{ECFDCBE9-FD75-3D99-B9C6-010F8B9BD120} = {ECFDCBE9-FD75-3D99-B9C6-010F8B9BD120}
		{563FE01A-898B-3B28-BB4B-D1D6BCABBDAB} = {563FE01A-898B-3B28-BB4B-D1D6BCABBDAB}
		{24AA1EAB-F4C0-3FC5-A782-251A64237758} = {24AA1EAB-F4C0-3FC5-A782-251A64237758}
	EndProjectSection
EndProject
Project("{8BC9CEB8-8B4A-11D0-8D11-00A0C91BC942}") = "capnpc", "src\capnp\capnpc.vcxproj", "{563FE01A-898B-3B28-BB4B-D1D6BCABBDAB}"
	ProjectSection(ProjectDependencies) = postProject
		{99144B64-6819-3B1B-A754-838DA0918CE2} = {99144B64-6819-3B1B-A754-838DA0918CE2}
		{ECFDCBE9-FD75-3D99-B9C6-010F8B9BD120} = {ECFDCBE9-FD75-3D99-B9C6-010F8B9BD120}
		{24AA1EAB-F4C0-3FC5-A782-251A64237758} = {24AA1EAB-F4C0-3FC5-A782-251A64237758}
	EndProjectSection
EndProject
Project("{8BC9CEB8-8B4A-11D0-8D11-00A0C91BC942}") = "capnpc_capnp", "src\capnp\capnpc_capnp.vcxproj", "{239D5B75-B314-3DA5-8045-6C62CBA63ABB}"
	ProjectSection(ProjectDependencies) = postProject
		{99144B64-6819-3B1B-A754-838DA0918CE2} = {99144B64-6819-3B1B-A754-838DA0918CE2}
		{ECFDCBE9-FD75-3D99-B9C6-010F8B9BD120} = {ECFDCBE9-FD75-3D99-B9C6-010F8B9BD120}
		{24AA1EAB-F4C0-3FC5-A782-251A64237758} = {24AA1EAB-F4C0-3FC5-A782-251A64237758}
	EndProjectSection
EndProject
Project("{8BC9CEB8-8B4A-11D0-8D11-00A0C91BC942}") = "capnpc_cpp", "src\capnp\capnpc_cpp.vcxproj", "{A7509414-3802-32D1-8431-B87875067B5C}"
	ProjectSection(ProjectDependencies) = postProject
		{99144B64-6819-3B1B-A754-838DA0918CE2} = {99144B64-6819-3B1B-A754-838DA0918CE2}
		{ECFDCBE9-FD75-3D99-B9C6-010F8B9BD120} = {ECFDCBE9-FD75-3D99-B9C6-010F8B9BD120}
		{24AA1EAB-F4C0-3FC5-A782-251A64237758} = {24AA1EAB-F4C0-3FC5-A782-251A64237758}
	EndProjectSection
EndProject
Project("{8BC9CEB8-8B4A-11D0-8D11-00A0C91BC942}") = "check", "src\check.vcxproj", "{EBE39043-7B64-3A0C-BDCB-424157DC88E9}"
	ProjectSection(ProjectDependencies) = postProject
		{99144B64-6819-3B1B-A754-838DA0918CE2} = {99144B64-6819-3B1B-A754-838DA0918CE2}
		{83263907-E970-394B-82D5-C61C5C0AF542} = {83263907-E970-394B-82D5-C61C5C0AF542}
		{888A9738-7DFF-3584-A334-3F26CAEB08F9} = {888A9738-7DFF-3584-A334-3F26CAEB08F9}
		{3738E2EE-E761-3480-B21F-A929AED2A1D3} = {3738E2EE-E761-3480-B21F-A929AED2A1D3}
		{F21E2059-F15B-34E7-8EC6-8E8E150B4150} = {F21E2059-F15B-34E7-8EC6-8E8E150B4150}
		{65F4E6D8-B161-3079-8A23-07C9A9C7B6F8} = {65F4E6D8-B161-3079-8A23-07C9A9C7B6F8}
	EndProjectSection
EndProject
Project("{8BC9CEB8-8B4A-11D0-8D11-00A0C91BC942}") = "kj", "src\kj\kj.vcxproj", "{24AA1EAB-F4C0-3FC5-A782-251A64237758}"
	ProjectSection(ProjectDependencies) = postProject
		{99144B64-6819-3B1B-A754-838DA0918CE2} = {99144B64-6819-3B1B-A754-838DA0918CE2}
	EndProjectSection
EndProject
Project("{8BC9CEB8-8B4A-11D0-8D11-00A0C91BC942}") = "kj-async", "src\kj\kj-async.vcxproj", "{7087A6A2-91C6-3E0A-8FF9-C0242D02F5BC}"
	ProjectSection(ProjectDependencies) = postProject
		{99144B64-6819-3B1B-A754-838DA0918CE2} = {99144B64-6819-3B1B-A754-838DA0918CE2}
		{24AA1EAB-F4C0-3FC5-A782-251A64237758} = {24AA1EAB-F4C0-3FC5-A782-251A64237758}
	EndProjectSection
EndProject
Project("{8BC9CEB8-8B4A-11D0-8D11-00A0C91BC942}") = "kj-heavy-tests", "src\kj\kj-heavy-tests.vcxproj", "{F21E2059-F15B-34E7-8EC6-8E8E150B4150}"
	ProjectSection(ProjectDependencies) = postProject
		{99144B64-6819-3B1B-A754-838DA0918CE2} = {99144B64-6819-3B1B-A754-838DA0918CE2}
		{24AA1EAB-F4C0-3FC5-A782-251A64237758} = {24AA1EAB-F4C0-3FC5-A782-251A64237758}
		{7087A6A2-91C6-3E0A-8FF9-C0242D02F5BC} = {7087A6A2-91C6-3E0A-8FF9-C0242D02F5BC}
		{3A8BE303-6781-3919-832D-428D2760EA39} = {3A8BE303-6781-3919-832D-428D2760EA39}
		{82A2B0D0-60EE-34A7-9908-E234879C56A0} = {82A2B0D0-60EE-34A7-9908-E234879C56A0}
	EndProjectSection
EndProject
Project("{8BC9CEB8-8B4A-11D0-8D11-00A0C91BC942}") = "kj-http", "src\kj\kj-http.vcxproj", "{3A8BE303-6781-3919-832D-428D2760EA39}"
	ProjectSection(ProjectDependencies) = postProject
		{99144B64-6819-3B1B-A754-838DA0918CE2} = {99144B64-6819-3B1B-A754-838DA0918CE2}
		{24AA1EAB-F4C0-3FC5-A782-251A64237758} = {24AA1EAB-F4C0-3FC5-A782-251A64237758}
		{7087A6A2-91C6-3E0A-8FF9-C0242D02F5BC} = {7087A6A2-91C6-3E0A-8FF9-C0242D02F5BC}
	EndProjectSection
EndProject
Project("{8BC9CEB8-8B4A-11D0-8D11-00A0C91BC942}") = "kj-test", "src\kj\kj-test.vcxproj", "{82A2B0D0-60EE-34A7-9908-E234879C56A0}"
	ProjectSection(ProjectDependencies) = postProject
		{99144B64-6819-3B1B-A754-838DA0918CE2} = {99144B64-6819-3B1B-A754-838DA0918CE2}
		{24AA1EAB-F4C0-3FC5-A782-251A64237758} = {24AA1EAB-F4C0-3FC5-A782-251A64237758}
	EndProjectSection
EndProject
Project("{8BC9CEB8-8B4A-11D0-8D11-00A0C91BC942}") = "kj-tests", "src\kj\kj-tests.vcxproj", "{65F4E6D8-B161-3079-8A23-07C9A9C7B6F8}"
	ProjectSection(ProjectDependencies) = postProject
		{99144B64-6819-3B1B-A754-838DA0918CE2} = {99144B64-6819-3B1B-A754-838DA0918CE2}
		{24AA1EAB-F4C0-3FC5-A782-251A64237758} = {24AA1EAB-F4C0-3FC5-A782-251A64237758}
		{82A2B0D0-60EE-34A7-9908-E234879C56A0} = {82A2B0D0-60EE-34A7-9908-E234879C56A0}
	EndProjectSection
EndProject
Global
	GlobalSection(SolutionConfigurationPlatforms) = preSolution
		Debug|Win32 = Debug|Win32
		Debug|x64 = Debug|x64
		MinSizeRel|Win32 = MinSizeRel|Win32
		MinSizeRel|x64 = MinSizeRel|x64
		Release|Win32 = Release|Win32
		Release|x64 = Release|x64
		RelWithDebInfo|Win32 = RelWithDebInfo|Win32
		RelWithDebInfo|x64 = RelWithDebInfo|x64
	EndGlobalSection
	GlobalSection(ProjectConfigurationPlatforms) = postSolution
		{A5277D5C-CA44-39DA-8C32-A2ECE8233586}.Debug|Win32.ActiveCfg = Debug|Win32
		{A5277D5C-CA44-39DA-8C32-A2ECE8233586}.Debug|Win32.Build.0 = Debug|Win32
		{A5277D5C-CA44-39DA-8C32-A2ECE8233586}.Debug|x64.ActiveCfg = Debug|x64
		{A5277D5C-CA44-39DA-8C32-A2ECE8233586}.Debug|x64.Build.0 = Debug|x64
		{A5277D5C-CA44-39DA-8C32-A2ECE8233586}.MinSizeRel|Win32.ActiveCfg = MinSizeRel|Win32
		{A5277D5C-CA44-39DA-8C32-A2ECE8233586}.MinSizeRel|Win32.Build.0 = MinSizeRel|Win32
		{A5277D5C-CA44-39DA-8C32-A2ECE8233586}.MinSizeRel|x64.ActiveCfg = MinSizeRel|x64
		{A5277D5C-CA44-39DA-8C32-A2ECE8233586}.MinSizeRel|x64.Build.0 = MinSizeRel|x64
		{A5277D5C-CA44-39DA-8C32-A2ECE8233586}.Release|Win32.ActiveCfg = Release|Win32
		{A5277D5C-CA44-39DA-8C32-A2ECE8233586}.Release|Win32.Build.0 = Release|Win32
		{A5277D5C-CA44-39DA-8C32-A2ECE8233586}.Release|x64.ActiveCfg = Release|x64
		{A5277D5C-CA44-39DA-8C32-A2ECE8233586}.Release|x64.Build.0 = Release|x64
		{A5277D5C-CA44-39DA-8C32-A2ECE8233586}.RelWithDebInfo|Win32.ActiveCfg = RelWithDebInfo|Win32
		{A5277D5C-CA44-39DA-8C32-A2ECE8233586}.RelWithDebInfo|Win32.Build.0 = RelWithDebInfo|Win32
		{A5277D5C-CA44-39DA-8C32-A2ECE8233586}.RelWithDebInfo|x64.ActiveCfg = RelWithDebInfo|x64
		{A5277D5C-CA44-39DA-8C32-A2ECE8233586}.RelWithDebInfo|x64.Build.0 = RelWithDebInfo|x64
		{96C04A18-A29A-3149-8323-7861ED09AFD5}.Debug|Win32.ActiveCfg = Debug|Win32
		{96C04A18-A29A-3149-8323-7861ED09AFD5}.Debug|x64.ActiveCfg = Debug|x64
		{96C04A18-A29A-3149-8323-7861ED09AFD5}.MinSizeRel|Win32.ActiveCfg = MinSizeRel|Win32
		{96C04A18-A29A-3149-8323-7861ED09AFD5}.MinSizeRel|x64.ActiveCfg = MinSizeRel|x64
		{96C04A18-A29A-3149-8323-7861ED09AFD5}.Release|Win32.ActiveCfg = Release|Win32
		{96C04A18-A29A-3149-8323-7861ED09AFD5}.Release|x64.ActiveCfg = Release|x64
		{96C04A18-A29A-3149-8323-7861ED09AFD5}.RelWithDebInfo|Win32.ActiveCfg = RelWithDebInfo|Win32
		{96C04A18-A29A-3149-8323-7861ED09AFD5}.RelWithDebInfo|x64.ActiveCfg = RelWithDebInfo|x64
		{D98B4005-50CE-3B81-87AD-F300B73DFFA2}.Debug|Win32.ActiveCfg = Debug|Win32
		{D98B4005-50CE-3B81-87AD-F300B73DFFA2}.Debug|x64.ActiveCfg = Debug|x64
		{D98B4005-50CE-3B81-87AD-F300B73DFFA2}.MinSizeRel|Win32.ActiveCfg = MinSizeRel|Win32
		{D98B4005-50CE-3B81-87AD-F300B73DFFA2}.MinSizeRel|x64.ActiveCfg = MinSizeRel|x64
		{D98B4005-50CE-3B81-87AD-F300B73DFFA2}.Release|Win32.ActiveCfg = Release|Win32
		{D98B4005-50CE-3B81-87AD-F300B73DFFA2}.Release|x64.ActiveCfg = Release|x64
		{D98B4005-50CE-3B81-87AD-F300B73DFFA2}.RelWithDebInfo|Win32.ActiveCfg = RelWithDebInfo|Win32
		{D98B4005-50CE-3B81-87AD-F300B73DFFA2}.RelWithDebInfo|x64.ActiveCfg = RelWithDebInfo|x64
		{E432139C-EB9F-337C-8788-C9DB449CCDD8}.Debug|Win32.ActiveCfg = Debug|Win32
		{E432139C-EB9F-337C-8788-C9DB449CCDD8}.Debug|x64.ActiveCfg = Debug|x64
		{E432139C-EB9F-337C-8788-C9DB449CCDD8}.MinSizeRel|Win32.ActiveCfg = MinSizeRel|Win32
		{E432139C-EB9F-337C-8788-C9DB449CCDD8}.MinSizeRel|x64.ActiveCfg = MinSizeRel|x64
		{E432139C-EB9F-337C-8788-C9DB449CCDD8}.Release|Win32.ActiveCfg = Release|Win32
		{E432139C-EB9F-337C-8788-C9DB449CCDD8}.Release|x64.ActiveCfg = Release|x64
		{E432139C-EB9F-337C-8788-C9DB449CCDD8}.RelWithDebInfo|Win32.ActiveCfg = RelWithDebInfo|Win32
		{E432139C-EB9F-337C-8788-C9DB449CCDD8}.RelWithDebInfo|x64.ActiveCfg = RelWithDebInfo|x64
		{2ED1B5B3-D61D-372E-9F31-3371135F484C}.Debug|Win32.ActiveCfg = Debug|Win32
		{2ED1B5B3-D61D-372E-9F31-3371135F484C}.Debug|x64.ActiveCfg = Debug|x64
		{2ED1B5B3-D61D-372E-9F31-3371135F484C}.MinSizeRel|Win32.ActiveCfg = MinSizeRel|Win32
		{2ED1B5B3-D61D-372E-9F31-3371135F484C}.MinSizeRel|x64.ActiveCfg = MinSizeRel|x64
		{2ED1B5B3-D61D-372E-9F31-3371135F484C}.Release|Win32.ActiveCfg = Release|Win32
		{2ED1B5B3-D61D-372E-9F31-3371135F484C}.Release|x64.ActiveCfg = Release|x64
		{2ED1B5B3-D61D-372E-9F31-3371135F484C}.RelWithDebInfo|Win32.ActiveCfg = RelWithDebInfo|Win32
		{2ED1B5B3-D61D-372E-9F31-3371135F484C}.RelWithDebInfo|x64.ActiveCfg = RelWithDebInfo|x64
		{4C3FFAF2-24E4-3D5C-BFFB-0994DED20C09}.Debug|Win32.ActiveCfg = Debug|Win32
		{4C3FFAF2-24E4-3D5C-BFFB-0994DED20C09}.Debug|x64.ActiveCfg = Debug|x64
		{4C3FFAF2-24E4-3D5C-BFFB-0994DED20C09}.MinSizeRel|Win32.ActiveCfg = MinSizeRel|Win32
		{4C3FFAF2-24E4-3D5C-BFFB-0994DED20C09}.MinSizeRel|x64.ActiveCfg = MinSizeRel|x64
		{4C3FFAF2-24E4-3D5C-BFFB-0994DED20C09}.Release|Win32.ActiveCfg = Release|Win32
		{4C3FFAF2-24E4-3D5C-BFFB-0994DED20C09}.Release|x64.ActiveCfg = Release|x64
		{4C3FFAF2-24E4-3D5C-BFFB-0994DED20C09}.RelWithDebInfo|Win32.ActiveCfg = RelWithDebInfo|Win32
		{4C3FFAF2-24E4-3D5C-BFFB-0994DED20C09}.RelWithDebInfo|x64.ActiveCfg = RelWithDebInfo|x64
		{99144B64-6819-3B1B-A754-838DA0918CE2}.Debug|Win32.ActiveCfg = Debug|Win32
		{99144B64-6819-3B1B-A754-838DA0918CE2}.Debug|Win32.Build.0 = Debug|Win32
		{99144B64-6819-3B1B-A754-838DA0918CE2}.Debug|x64.ActiveCfg = Debug|x64
		{99144B64-6819-3B1B-A754-838DA0918CE2}.Debug|x64.Build.0 = Debug|x64
		{99144B64-6819-3B1B-A754-838DA0918CE2}.MinSizeRel|Win32.ActiveCfg = MinSizeRel|Win32
		{99144B64-6819-3B1B-A754-838DA0918CE2}.MinSizeRel|Win32.Build.0 = MinSizeRel|Win32
		{99144B64-6819-3B1B-A754-838DA0918CE2}.MinSizeRel|x64.ActiveCfg = MinSizeRel|x64
		{99144B64-6819-3B1B-A754-838DA0918CE2}.MinSizeRel|x64.Build.0 = MinSizeRel|x64
		{99144B64-6819-3B1B-A754-838DA0918CE2}.Release|Win32.ActiveCfg = Release|Win32
		{99144B64-6819-3B1B-A754-838DA0918CE2}.Release|Win32.Build.0 = Release|Win32
		{99144B64-6819-3B1B-A754-838DA0918CE2}.Release|x64.ActiveCfg = Release|x64
		{99144B64-6819-3B1B-A754-838DA0918CE2}.Release|x64.Build.0 = Release|x64
		{99144B64-6819-3B1B-A754-838DA0918CE2}.RelWithDebInfo|Win32.ActiveCfg = RelWithDebInfo|Win32
		{99144B64-6819-3B1B-A754-838DA0918CE2}.RelWithDebInfo|Win32.Build.0 = RelWithDebInfo|Win32
		{99144B64-6819-3B1B-A754-838DA0918CE2}.RelWithDebInfo|x64.ActiveCfg = RelWithDebInfo|x64
		{99144B64-6819-3B1B-A754-838DA0918CE2}.RelWithDebInfo|x64.Build.0 = RelWithDebInfo|x64
		{ECFDCBE9-FD75-3D99-B9C6-010F8B9BD120}.Debug|Win32.ActiveCfg = Debug|Win32
		{ECFDCBE9-FD75-3D99-B9C6-010F8B9BD120}.Debug|Win32.Build.0 = Debug|Win32
		{ECFDCBE9-FD75-3D99-B9C6-010F8B9BD120}.Debug|x64.ActiveCfg = Debug|x64
		{ECFDCBE9-FD75-3D99-B9C6-010F8B9BD120}.Debug|x64.Build.0 = Debug|x64
		{ECFDCBE9-FD75-3D99-B9C6-010F8B9BD120}.MinSizeRel|Win32.ActiveCfg = MinSizeRel|Win32
		{ECFDCBE9-FD75-3D99-B9C6-010F8B9BD120}.MinSizeRel|Win32.Build.0 = MinSizeRel|Win32
		{ECFDCBE9-FD75-3D99-B9C6-010F8B9BD120}.MinSizeRel|x64.ActiveCfg = MinSizeRel|x64
		{ECFDCBE9-FD75-3D99-B9C6-010F8B9BD120}.MinSizeRel|x64.Build.0 = MinSizeRel|x64
		{ECFDCBE9-FD75-3D99-B9C6-010F8B9BD120}.Release|Win32.ActiveCfg = Release|Win32
		{ECFDCBE9-FD75-3D99-B9C6-010F8B9BD120}.Release|Win32.Build.0 = Release|Win32
		{ECFDCBE9-FD75-3D99-B9C6-010F8B9BD120}.Release|x64.ActiveCfg = Release|x64
		{ECFDCBE9-FD75-3D99-B9C6-010F8B9BD120}.Release|x64.Build.0 = Release|x64
		{ECFDCBE9-FD75-3D99-B9C6-010F8B9BD120}.RelWithDebInfo|Win32.ActiveCfg = RelWithDebInfo|Win32
		{ECFDCBE9-FD75-3D99-B9C6-010F8B9BD120}.RelWithDebInfo|Win32.Build.0 = RelWithDebInfo|Win32
		{ECFDCBE9-FD75-3D99-B9C6-010F8B9BD120}.RelWithDebInfo|x64.ActiveCfg = RelWithDebInfo|x64
		{ECFDCBE9-FD75-3D99-B9C6-010F8B9BD120}.RelWithDebInfo|x64.Build.0 = RelWithDebInfo|x64
		{83263907-E970-394B-82D5-C61C5C0AF542}.Debug|Win32.ActiveCfg = Debug|Win32
		{83263907-E970-394B-82D5-C61C5C0AF542}.Debug|Win32.Build.0 = Debug|Win32
		{83263907-E970-394B-82D5-C61C5C0AF542}.Debug|x64.ActiveCfg = Debug|x64
		{83263907-E970-394B-82D5-C61C5C0AF542}.Debug|x64.Build.0 = Debug|x64
		{83263907-E970-394B-82D5-C61C5C0AF542}.MinSizeRel|Win32.ActiveCfg = MinSizeRel|Win32
		{83263907-E970-394B-82D5-C61C5C0AF542}.MinSizeRel|Win32.Build.0 = MinSizeRel|Win32
		{83263907-E970-394B-82D5-C61C5C0AF542}.MinSizeRel|x64.ActiveCfg = MinSizeRel|x64
		{83263907-E970-394B-82D5-C61C5C0AF542}.MinSizeRel|x64.Build.0 = MinSizeRel|x64
		{83263907-E970-394B-82D5-C61C5C0AF542}.Release|Win32.ActiveCfg = Release|Win32
		{83263907-E970-394B-82D5-C61C5C0AF542}.Release|Win32.Build.0 = Release|Win32
		{83263907-E970-394B-82D5-C61C5C0AF542}.Release|x64.ActiveCfg = Release|x64
		{83263907-E970-394B-82D5-C61C5C0AF542}.Release|x64.Build.0 = Release|x64
		{83263907-E970-394B-82D5-C61C5C0AF542}.RelWithDebInfo|Win32.ActiveCfg = RelWithDebInfo|Win32
		{83263907-E970-394B-82D5-C61C5C0AF542}.RelWithDebInfo|Win32.Build.0 = RelWithDebInfo|Win32
		{83263907-E970-394B-82D5-C61C5C0AF542}.RelWithDebInfo|x64.ActiveCfg = RelWithDebInfo|x64
		{83263907-E970-394B-82D5-C61C5C0AF542}.RelWithDebInfo|x64.Build.0 = RelWithDebInfo|x64
		{888A9738-7DFF-3584-A334-3F26CAEB08F9}.Debug|Win32.ActiveCfg = Debug|Win32
		{888A9738-7DFF-3584-A334-3F26CAEB08F9}.Debug|Win32.Build.0 = Debug|Win32
		{888A9738-7DFF-3584-A334-3F26CAEB08F9}.Debug|x64.ActiveCfg = Debug|x64
		{888A9738-7DFF-3584-A334-3F26CAEB08F9}.Debug|x64.Build.0 = Debug|x64
		{888A9738-7DFF-3584-A334-3F26CAEB08F9}.MinSizeRel|Win32.ActiveCfg = MinSizeRel|Win32
		{888A9738-7DFF-3584-A334-3F26CAEB08F9}.MinSizeRel|Win32.Build.0 = MinSizeRel|Win32
		{888A9738-7DFF-3584-A334-3F26CAEB08F9}.MinSizeRel|x64.ActiveCfg = MinSizeRel|x64
		{888A9738-7DFF-3584-A334-3F26CAEB08F9}.MinSizeRel|x64.Build.0 = MinSizeRel|x64
		{888A9738-7DFF-3584-A334-3F26CAEB08F9}.Release|Win32.ActiveCfg = Release|Win32
		{888A9738-7DFF-3584-A334-3F26CAEB08F9}.Release|Win32.Build.0 = Release|Win32
		{888A9738-7DFF-3584-A334-3F26CAEB08F9}.Release|x64.ActiveCfg = Release|x64
		{888A9738-7DFF-3584-A334-3F26CAEB08F9}.Release|x64.Build.0 = Release|x64
		{888A9738-7DFF-3584-A334-3F26CAEB08F9}.RelWithDebInfo|Win32.ActiveCfg = RelWithDebInfo|Win32
		{888A9738-7DFF-3584-A334-3F26CAEB08F9}.RelWithDebInfo|Win32.Build.0 = RelWithDebInfo|Win32
		{888A9738-7DFF-3584-A334-3F26CAEB08F9}.RelWithDebInfo|x64.ActiveCfg = RelWithDebInfo|x64
		{888A9738-7DFF-3584-A334-3F26CAEB08F9}.RelWithDebInfo|x64.Build.0 = RelWithDebInfo|x64
		{92962CE1-67EE-3E2B-97AC-693AD6EFCD00}.Debug|Win32.ActiveCfg = Debug|Win32
		{92962CE1-67EE-3E2B-97AC-693AD6EFCD00}.Debug|Win32.Build.0 = Debug|Win32
		{92962CE1-67EE-3E2B-97AC-693AD6EFCD00}.Debug|x64.ActiveCfg = Debug|x64
		{92962CE1-67EE-3E2B-97AC-693AD6EFCD00}.Debug|x64.Build.0 = Debug|x64
		{92962CE1-67EE-3E2B-97AC-693AD6EFCD00}.MinSizeRel|Win32.ActiveCfg = MinSizeRel|Win32
		{92962CE1-67EE-3E2B-97AC-693AD6EFCD00}.MinSizeRel|Win32.Build.0 = MinSizeRel|Win32
		{92962CE1-67EE-3E2B-97AC-693AD6EFCD00}.MinSizeRel|x64.ActiveCfg = MinSizeRel|x64
		{92962CE1-67EE-3E2B-97AC-693AD6EFCD00}.MinSizeRel|x64.Build.0 = MinSizeRel|x64
		{92962CE1-67EE-3E2B-97AC-693AD6EFCD00}.Release|Win32.ActiveCfg = Release|Win32
		{92962CE1-67EE-3E2B-97AC-693AD6EFCD00}.Release|Win32.Build.0 = Release|Win32
		{92962CE1-67EE-3E2B-97AC-693AD6EFCD00}.Release|x64.ActiveCfg = Release|x64
		{92962CE1-67EE-3E2B-97AC-693AD6EFCD00}.Release|x64.Build.0 = Release|x64
		{92962CE1-67EE-3E2B-97AC-693AD6EFCD00}.RelWithDebInfo|Win32.ActiveCfg = RelWithDebInfo|Win32
		{92962CE1-67EE-3E2B-97AC-693AD6EFCD00}.RelWithDebInfo|Win32.Build.0 = RelWithDebInfo|Win32
		{92962CE1-67EE-3E2B-97AC-693AD6EFCD00}.RelWithDebInfo|x64.ActiveCfg = RelWithDebInfo|x64
		{92962CE1-67EE-3E2B-97AC-693AD6EFCD00}.RelWithDebInfo|x64.Build.0 = RelWithDebInfo|x64
		{E514C081-97BE-3A6A-9FD4-2BF238E01D11}.Debug|Win32.ActiveCfg = Debug|Win32
		{E514C081-97BE-3A6A-9FD4-2BF238E01D11}.Debug|Win32.Build.0 = Debug|Win32
		{E514C081-97BE-3A6A-9FD4-2BF238E01D11}.Debug|x64.ActiveCfg = Debug|x64
		{E514C081-97BE-3A6A-9FD4-2BF238E01D11}.Debug|x64.Build.0 = Debug|x64
		{E514C081-97BE-3A6A-9FD4-2BF238E01D11}.MinSizeRel|Win32.ActiveCfg = MinSizeRel|Win32
		{E514C081-97BE-3A6A-9FD4-2BF238E01D11}.MinSizeRel|Win32.Build.0 = MinSizeRel|Win32
		{E514C081-97BE-3A6A-9FD4-2BF238E01D11}.MinSizeRel|x64.ActiveCfg = MinSizeRel|x64
		{E514C081-97BE-3A6A-9FD4-2BF238E01D11}.MinSizeRel|x64.Build.0 = MinSizeRel|x64
		{E514C081-97BE-3A6A-9FD4-2BF238E01D11}.Release|Win32.ActiveCfg = Release|Win32
		{E514C081-97BE-3A6A-9FD4-2BF238E01D11}.Release|Win32.Build.0 = Release|Win32
		{E514C081-97BE-3A6A-9FD4-2BF238E01D11}.Release|x64.ActiveCfg = Release|x64
		{E514C081-97BE-3A6A-9FD4-2BF238E01D11}.Release|x64.Build.0 = Release|x64
		{E514C081-97BE-3A6A-9FD4-2BF238E01D11}.RelWithDebInfo|Win32.ActiveCfg = RelWithDebInfo|Win32
		{E514C081-97BE-3A6A-9FD4-2BF238E01D11}.RelWithDebInfo|Win32.Build.0 = RelWithDebInfo|Win32
		{E514C081-97BE-3A6A-9FD4-2BF238E01D11}.RelWithDebInfo|x64.ActiveCfg = RelWithDebInfo|x64
		{E514C081-97BE-3A6A-9FD4-2BF238E01D11}.RelWithDebInfo|x64.Build.0 = RelWithDebInfo|x64
		{3738E2EE-E761-3480-B21F-A929AED2A1D3}.Debug|Win32.ActiveCfg = Debug|Win32
		{3738E2EE-E761-3480-B21F-A929AED2A1D3}.Debug|Win32.Build.0 = Debug|Win32
		{3738E2EE-E761-3480-B21F-A929AED2A1D3}.Debug|x64.ActiveCfg = Debug|x64
		{3738E2EE-E761-3480-B21F-A929AED2A1D3}.Debug|x64.Build.0 = Debug|x64
		{3738E2EE-E761-3480-B21F-A929AED2A1D3}.MinSizeRel|Win32.ActiveCfg = MinSizeRel|Win32
		{3738E2EE-E761-3480-B21F-A929AED2A1D3}.MinSizeRel|Win32.Build.0 = MinSizeRel|Win32
		{3738E2EE-E761-3480-B21F-A929AED2A1D3}.MinSizeRel|x64.ActiveCfg = MinSizeRel|x64
		{3738E2EE-E761-3480-B21F-A929AED2A1D3}.MinSizeRel|x64.Build.0 = MinSizeRel|x64
		{3738E2EE-E761-3480-B21F-A929AED2A1D3}.Release|Win32.ActiveCfg = Release|Win32
		{3738E2EE-E761-3480-B21F-A929AED2A1D3}.Release|Win32.Build.0 = Release|Win32
		{3738E2EE-E761-3480-B21F-A929AED2A1D3}.Release|x64.ActiveCfg = Release|x64
		{3738E2EE-E761-3480-B21F-A929AED2A1D3}.Release|x64.Build.0 = Release|x64
		{3738E2EE-E761-3480-B21F-A929AED2A1D3}.RelWithDebInfo|Win32.ActiveCfg = RelWithDebInfo|Win32
		{3738E2EE-E761-3480-B21F-A929AED2A1D3}.RelWithDebInfo|Win32.Build.0 = RelWithDebInfo|Win32
		{3738E2EE-E761-3480-B21F-A929AED2A1D3}.RelWithDebInfo|x64.ActiveCfg = RelWithDebInfo|x64
		{3738E2EE-E761-3480-B21F-A929AED2A1D3}.RelWithDebInfo|x64.Build.0 = RelWithDebInfo|x64
		{4F4666F9-EA3E-3FED-8277-5DC932871F12}.Debug|Win32.ActiveCfg = Debug|Win32
		{4F4666F9-EA3E-3FED-8277-5DC932871F12}.Debug|Win32.Build.0 = Debug|Win32
		{4F4666F9-EA3E-3FED-8277-5DC932871F12}.Debug|x64.ActiveCfg = Debug|x64
		{4F4666F9-EA3E-3FED-8277-5DC932871F12}.Debug|x64.Build.0 = Debug|x64
		{4F4666F9-EA3E-3FED-8277-5DC932871F12}.MinSizeRel|Win32.ActiveCfg = MinSizeRel|Win32
		{4F4666F9-EA3E-3FED-8277-5DC932871F12}.MinSizeRel|Win32.Build.0 = MinSizeRel|Win32
		{4F4666F9-EA3E-3FED-8277-5DC932871F12}.MinSizeRel|x64.ActiveCfg = MinSizeRel|x64
		{4F4666F9-EA3E-3FED-8277-5DC932871F12}.MinSizeRel|x64.Build.0 = MinSizeRel|x64
		{4F4666F9-EA3E-3FED-8277-5DC932871F12}.Release|Win32.ActiveCfg = Release|Win32
		{4F4666F9-EA3E-3FED-8277-5DC932871F12}.Release|Win32.Build.0 = Release|Win32
		{4F4666F9-EA3E-3FED-8277-5DC932871F12}.Release|x64.ActiveCfg = Release|x64
		{4F4666F9-EA3E-3FED-8277-5DC932871F12}.Release|x64.Build.0 = Release|x64
		{4F4666F9-EA3E-3FED-8277-5DC932871F12}.RelWithDebInfo|Win32.ActiveCfg = RelWithDebInfo|Win32
		{4F4666F9-EA3E-3FED-8277-5DC932871F12}.RelWithDebInfo|Win32.Build.0 = RelWithDebInfo|Win32
		{4F4666F9-EA3E-3FED-8277-5DC932871F12}.RelWithDebInfo|x64.ActiveCfg = RelWithDebInfo|x64
		{4F4666F9-EA3E-3FED-8277-5DC932871F12}.RelWithDebInfo|x64.Build.0 = RelWithDebInfo|x64
		{563FE01A-898B-3B28-BB4B-D1D6BCABBDAB}.Debug|Win32.ActiveCfg = Debug|Win32
		{563FE01A-898B-3B28-BB4B-D1D6BCABBDAB}.Debug|Win32.Build.0 = Debug|Win32
		{563FE01A-898B-3B28-BB4B-D1D6BCABBDAB}.Debug|x64.ActiveCfg = Debug|x64
		{563FE01A-898B-3B28-BB4B-D1D6BCABBDAB}.Debug|x64.Build.0 = Debug|x64
		{563FE01A-898B-3B28-BB4B-D1D6BCABBDAB}.MinSizeRel|Win32.ActiveCfg = MinSizeRel|Win32
		{563FE01A-898B-3B28-BB4B-D1D6BCABBDAB}.MinSizeRel|Win32.Build.0 = MinSizeRel|Win32
		{563FE01A-898B-3B28-BB4B-D1D6BCABBDAB}.MinSizeRel|x64.ActiveCfg = MinSizeRel|x64
		{563FE01A-898B-3B28-BB4B-D1D6BCABBDAB}.MinSizeRel|x64.Build.0 = MinSizeRel|x64
		{563FE01A-898B-3B28-BB4B-D1D6BCABBDAB}.Release|Win32.ActiveCfg = Release|Win32
		{563FE01A-898B-3B28-BB4B-D1D6BCABBDAB}.Release|Win32.Build.0 = Release|Win32
		{563FE01A-898B-3B28-BB4B-D1D6BCABBDAB}.Release|x64.ActiveCfg = Release|x64
		{563FE01A-898B-3B28-BB4B-D1D6BCABBDAB}.Release|x64.Build.0 = Release|x64
		{563FE01A-898B-3B28-BB4B-D1D6BCABBDAB}.RelWithDebInfo|Win32.ActiveCfg = RelWithDebInfo|Win32
		{563FE01A-898B-3B28-BB4B-D1D6BCABBDAB}.RelWithDebInfo|Win32.Build.0 = RelWithDebInfo|Win32
		{563FE01A-898B-3B28-BB4B-D1D6BCABBDAB}.RelWithDebInfo|x64.ActiveCfg = RelWithDebInfo|x64
		{563FE01A-898B-3B28-BB4B-D1D6BCABBDAB}.RelWithDebInfo|x64.Build.0 = RelWithDebInfo|x64
		{239D5B75-B314-3DA5-8045-6C62CBA63ABB}.Debug|Win32.ActiveCfg = Debug|Win32
		{239D5B75-B314-3DA5-8045-6C62CBA63ABB}.Debug|Win32.Build.0 = Debug|Win32
		{239D5B75-B314-3DA5-8045-6C62CBA63ABB}.Debug|x64.ActiveCfg = Debug|x64
		{239D5B75-B314-3DA5-8045-6C62CBA63ABB}.Debug|x64.Build.0 = Debug|x64
		{239D5B75-B314-3DA5-8045-6C62CBA63ABB}.MinSizeRel|Win32.ActiveCfg = MinSizeRel|Win32
		{239D5B75-B314-3DA5-8045-6C62CBA63ABB}.MinSizeRel|Win32.Build.0 = MinSizeRel|Win32
		{239D5B75-B314-3DA5-8045-6C62CBA63ABB}.MinSizeRel|x64.ActiveCfg = MinSizeRel|x64
		{239D5B75-B314-3DA5-8045-6C62CBA63ABB}.MinSizeRel|x64.Build.0 = MinSizeRel|x64
		{239D5B75-B314-3DA5-8045-6C62CBA63ABB}.Release|Win32.ActiveCfg = Release|Win32
		{239D5B75-B314-3DA5-8045-6C62CBA63ABB}.Release|Win32.Build.0 = Release|Win32
		{239D5B75-B314-3DA5-8045-6C62CBA63ABB}.Release|x64.ActiveCfg = Release|x64
		{239D5B75-B314-3DA5-8045-6C62CBA63ABB}.Release|x64.Build.0 = Release|x64
		{239D5B75-B314-3DA5-8045-6C62CBA63ABB}.RelWithDebInfo|Win32.ActiveCfg = RelWithDebInfo|Win32
		{239D5B75-B314-3DA5-8045-6C62CBA63ABB}.RelWithDebInfo|Win32.Build.0 = RelWithDebInfo|Win32
		{239D5B75-B314-3DA5-8045-6C62CBA63ABB}.RelWithDebInfo|x64.ActiveCfg = RelWithDebInfo|x64
		{239D5B75-B314-3DA5-8045-6C62CBA63ABB}.RelWithDebInfo|x64.Build.0 = RelWithDebInfo|x64
		{A7509414-3802-32D1-8431-B87875067B5C}.Debug|Win32.ActiveCfg = Debug|Win32
		{A7509414-3802-32D1-8431-B87875067B5C}.Debug|Win32.Build.0 = Debug|Win32
		{A7509414-3802-32D1-8431-B87875067B5C}.Debug|x64.ActiveCfg = Debug|x64
		{A7509414-3802-32D1-8431-B87875067B5C}.Debug|x64.Build.0 = Debug|x64
		{A7509414-3802-32D1-8431-B87875067B5C}.MinSizeRel|Win32.ActiveCfg = MinSizeRel|Win32
		{A7509414-3802-32D1-8431-B87875067B5C}.MinSizeRel|Win32.Build.0 = MinSizeRel|Win32
		{A7509414-3802-32D1-8431-B87875067B5C}.MinSizeRel|x64.ActiveCfg = MinSizeRel|x64
		{A7509414-3802-32D1-8431-B87875067B5C}.MinSizeRel|x64.Build.0 = MinSizeRel|x64
		{A7509414-3802-32D1-8431-B87875067B5C}.Release|Win32.ActiveCfg = Release|Win32
		{A7509414-3802-32D1-8431-B87875067B5C}.Release|Win32.Build.0 = Release|Win32
		{A7509414-3802-32D1-8431-B87875067B5C}.Release|x64.ActiveCfg = Release|x64
		{A7509414-3802-32D1-8431-B87875067B5C}.Release|x64.Build.0 = Release|x64
		{A7509414-3802-32D1-8431-B87875067B5C}.RelWithDebInfo|Win32.ActiveCfg = RelWithDebInfo|Win32
		{A7509414-3802-32D1-8431-B87875067B5C}.RelWithDebInfo|Win32.Build.0 = RelWithDebInfo|Win32
		{A7509414-3802-32D1-8431-B87875067B5C}.RelWithDebInfo|x64.ActiveCfg = RelWithDebInfo|x64
		{A7509414-3802-32D1-8431-B87875067B5C}.RelWithDebInfo|x64.Build.0 = RelWithDebInfo|x64
		{EBE39043-7B64-3A0C-BDCB-424157DC88E9}.Debug|Win32.ActiveCfg = Debug|Win32
		{EBE39043-7B64-3A0C-BDCB-424157DC88E9}.Debug|x64.ActiveCfg = Debug|x64
		{EBE39043-7B64-3A0C-BDCB-424157DC88E9}.MinSizeRel|Win32.ActiveCfg = MinSizeRel|Win32
		{EBE39043-7B64-3A0C-BDCB-424157DC88E9}.MinSizeRel|x64.ActiveCfg = MinSizeRel|x64
		{EBE39043-7B64-3A0C-BDCB-424157DC88E9}.Release|Win32.ActiveCfg = Release|Win32
		{EBE39043-7B64-3A0C-BDCB-424157DC88E9}.Release|x64.ActiveCfg = Release|x64
		{EBE39043-7B64-3A0C-BDCB-424157DC88E9}.RelWithDebInfo|Win32.ActiveCfg = RelWithDebInfo|Win32
		{EBE39043-7B64-3A0C-BDCB-424157DC88E9}.RelWithDebInfo|x64.ActiveCfg = RelWithDebInfo|x64
		{24AA1EAB-F4C0-3FC5-A782-251A64237758}.Debug|Win32.ActiveCfg = Debug|Win32
		{24AA1EAB-F4C0-3FC5-A782-251A64237758}.Debug|Win32.Build.0 = Debug|Win32
		{24AA1EAB-F4C0-3FC5-A782-251A64237758}.Debug|x64.ActiveCfg = Debug|x64
		{24AA1EAB-F4C0-3FC5-A782-251A64237758}.Debug|x64.Build.0 = Debug|x64
		{24AA1EAB-F4C0-3FC5-A782-251A64237758}.MinSizeRel|Win32.ActiveCfg = MinSizeRel|Win32
		{24AA1EAB-F4C0-3FC5-A782-251A64237758}.MinSizeRel|Win32.Build.0 = MinSizeRel|Win32
		{24AA1EAB-F4C0-3FC5-A782-251A64237758}.MinSizeRel|x64.ActiveCfg = MinSizeRel|x64
		{24AA1EAB-F4C0-3FC5-A782-251A64237758}.MinSizeRel|x64.Build.0 = MinSizeRel|x64
		{24AA1EAB-F4C0-3FC5-A782-251A64237758}.Release|Win32.ActiveCfg = Release|Win32
		{24AA1EAB-F4C0-3FC5-A782-251A64237758}.Release|Win32.Build.0 = Release|Win32
		{24AA1EAB-F4C0-3FC5-A782-251A64237758}.Release|x64.ActiveCfg = Release|x64
		{24AA1EAB-F4C0-3FC5-A782-251A64237758}.Release|x64.Build.0 = Release|x64
		{24AA1EAB-F4C0-3FC5-A782-251A64237758}.RelWithDebInfo|Win32.ActiveCfg = RelWithDebInfo|Win32
		{24AA1EAB-F4C0-3FC5-A782-251A64237758}.RelWithDebInfo|Win32.Build.0 = RelWithDebInfo|Win32
		{24AA1EAB-F4C0-3FC5-A782-251A64237758}.RelWithDebInfo|x64.ActiveCfg = RelWithDebInfo|x64
		{24AA1EAB-F4C0-3FC5-A782-251A64237758}.RelWithDebInfo|x64.Build.0 = RelWithDebInfo|x64
		{7087A6A2-91C6-3E0A-8FF9-C0242D02F5BC}.Debug|Win32.ActiveCfg = Debug|Win32
		{7087A6A2-91C6-3E0A-8FF9-C0242D02F5BC}.Debug|Win32.Build.0 = Debug|Win32
		{7087A6A2-91C6-3E0A-8FF9-C0242D02F5BC}.Debug|x64.ActiveCfg = Debug|x64
		{7087A6A2-91C6-3E0A-8FF9-C0242D02F5BC}.Debug|x64.Build.0 = Debug|x64
		{7087A6A2-91C6-3E0A-8FF9-C0242D02F5BC}.MinSizeRel|Win32.ActiveCfg = MinSizeRel|Win32
		{7087A6A2-91C6-3E0A-8FF9-C0242D02F5BC}.MinSizeRel|Win32.Build.0 = MinSizeRel|Win32
		{7087A6A2-91C6-3E0A-8FF9-C0242D02F5BC}.MinSizeRel|x64.ActiveCfg = MinSizeRel|x64
		{7087A6A2-91C6-3E0A-8FF9-C0242D02F5BC}.MinSizeRel|x64.Build.0 = MinSizeRel|x64
		{7087A6A2-91C6-3E0A-8FF9-C0242D02F5BC}.Release|Win32.ActiveCfg = Release|Win32
		{7087A6A2-91C6-3E0A-8FF9-C0242D02F5BC}.Release|Win32.Build.0 = Release|Win32
		{7087A6A2-91C6-3E0A-8FF9-C0242D02F5BC}.Release|x64.ActiveCfg = Release|x64
		{7087A6A2-91C6-3E0A-8FF9-C0242D02F5BC}.Release|x64.Build.0 = Release|x64
		{7087A6A2-91C6-3E0A-8FF9-C0242D02F5BC}.RelWithDebInfo|Win32.ActiveCfg = RelWithDebInfo|Win32
		{7087A6A2-91C6-3E0A-8FF9-C0242D02F5BC}.RelWithDebInfo|Win32.Build.0 = RelWithDebInfo|Win32
		{7087A6A2-91C6-3E0A-8FF9-C0242D02F5BC}.RelWithDebInfo|x64.ActiveCfg = RelWithDebInfo|x64
		{7087A6A2-91C6-3E0A-8FF9-C0242D02F5BC}.RelWithDebInfo|x64.Build.0 = RelWithDebInfo|x64
		{F21E2059-F15B-34E7-8EC6-8E8E150B4150}.Debug|Win32.ActiveCfg = Debug|Win32
		{F21E2059-F15B-34E7-8EC6-8E8E150B4150}.Debug|Win32.Build.0 = Debug|Win32
		{F21E2059-F15B-34E7-8EC6-8E8E150B4150}.Debug|x64.ActiveCfg = Debug|x64
		{F21E2059-F15B-34E7-8EC6-8E8E150B4150}.Debug|x64.Build.0 = Debug|x64
		{F21E2059-F15B-34E7-8EC6-8E8E150B4150}.MinSizeRel|Win32.ActiveCfg = MinSizeRel|Win32
		{F21E2059-F15B-34E7-8EC6-8E8E150B4150}.MinSizeRel|Win32.Build.0 = MinSizeRel|Win32
		{F21E2059-F15B-34E7-8EC6-8E8E150B4150}.MinSizeRel|x64.ActiveCfg = MinSizeRel|x64
		{F21E2059-F15B-34E7-8EC6-8E8E150B4150}.MinSizeRel|x64.Build.0 = MinSizeRel|x64
		{F21E2059-F15B-34E7-8EC6-8E8E150B4150}.Release|Win32.ActiveCfg = Release|Win32
		{F21E2059-F15B-34E7-8EC6-8E8E150B4150}.Release|Win32.Build.0 = Release|Win32
		{F21E2059-F15B-34E7-8EC6-8E8E150B4150}.Release|x64.ActiveCfg = Release|x64
		{F21E2059-F15B-34E7-8EC6-8E8E150B4150}.Release|x64.Build.0 = Release|x64
		{F21E2059-F15B-34E7-8EC6-8E8E150B4150}.RelWithDebInfo|Win32.ActiveCfg = RelWithDebInfo|Win32
		{F21E2059-F15B-34E7-8EC6-8E8E150B4150}.RelWithDebInfo|Win32.Build.0 = RelWithDebInfo|Win32
		{F21E2059-F15B-34E7-8EC6-8E8E150B4150}.RelWithDebInfo|x64.ActiveCfg = RelWithDebInfo|x64
		{F21E2059-F15B-34E7-8EC6-8E8E150B4150}.RelWithDebInfo|x64.Build.0 = RelWithDebInfo|x64
		{3A8BE303-6781-3919-832D-428D2760EA39}.Debug|Win32.ActiveCfg = Debug|Win32
		{3A8BE303-6781-3919-832D-428D2760EA39}.Debug|Win32.Build.0 = Debug|Win32
		{3A8BE303-6781-3919-832D-428D2760EA39}.Debug|x64.ActiveCfg = Debug|x64
		{3A8BE303-6781-3919-832D-428D2760EA39}.Debug|x64.Build.0 = Debug|x64
		{3A8BE303-6781-3919-832D-428D2760EA39}.MinSizeRel|Win32.ActiveCfg = MinSizeRel|Win32
		{3A8BE303-6781-3919-832D-428D2760EA39}.MinSizeRel|Win32.Build.0 = MinSizeRel|Win32
		{3A8BE303-6781-3919-832D-428D2760EA39}.MinSizeRel|x64.ActiveCfg = MinSizeRel|x64
		{3A8BE303-6781-3919-832D-428D2760EA39}.MinSizeRel|x64.Build.0 = MinSizeRel|x64
		{3A8BE303-6781-3919-832D-428D2760EA39}.Release|Win32.ActiveCfg = Release|Win32
		{3A8BE303-6781-3919-832D-428D2760EA39}.Release|Win32.Build.0 = Release|Win32
		{3A8BE303-6781-3919-832D-428D2760EA39}.Release|x64.ActiveCfg = Release|x64
		{3A8BE303-6781-3919-832D-428D2760EA39}.Release|x64.Build.0 = Release|x64
		{3A8BE303-6781-3919-832D-428D2760EA39}.RelWithDebInfo|Win32.ActiveCfg = RelWithDebInfo|Win32
		{3A8BE303-6781-3919-832D-428D2760EA39}.RelWithDebInfo|Win32.Build.0 = RelWithDebInfo|Win32
		{3A8BE303-6781-3919-832D-428D2760EA39}.RelWithDebInfo|x64.ActiveCfg = RelWithDebInfo|x64
		{3A8BE303-6781-3919-832D-428D2760EA39}.RelWithDebInfo|x64.Build.0 = RelWithDebInfo|x64
		{82A2B0D0-60EE-34A7-9908-E234879C56A0}.Debug|Win32.ActiveCfg = Debug|Win32
		{82A2B0D0-60EE-34A7-9908-E234879C56A0}.Debug|Win32.Build.0 = Debug|Win32
		{82A2B0D0-60EE-34A7-9908-E234879C56A0}.Debug|x64.ActiveCfg = Debug|x64
		{82A2B0D0-60EE-34A7-9908-E234879C56A0}.Debug|x64.Build.0 = Debug|x64
		{82A2B0D0-60EE-34A7-9908-E234879C56A0}.MinSizeRel|Win32.ActiveCfg = MinSizeRel|Win32
		{82A2B0D0-60EE-34A7-9908-E234879C56A0}.MinSizeRel|Win32.Build.0 = MinSizeRel|Win32
		{82A2B0D0-60EE-34A7-9908-E234879C56A0}.MinSizeRel|x64.ActiveCfg = MinSizeRel|x64
		{82A2B0D0-60EE-34A7-9908-E234879C56A0}.MinSizeRel|x64.Build.0 = MinSizeRel|x64
		{82A2B0D0-60EE-34A7-9908-E234879C56A0}.Release|Win32.ActiveCfg = Release|Win32
		{82A2B0D0-60EE-34A7-9908-E234879C56A0}.Release|Win32.Build.0 = Release|Win32
		{82A2B0D0-60EE-34A7-9908-E234879C56A0}.Release|x64.ActiveCfg = Release|x64
		{82A2B0D0-60EE-34A7-9908-E234879C56A0}.Release|x64.Build.0 = Release|x64
		{82A2B0D0-60EE-34A7-9908-E234879C56A0}.RelWithDebInfo|Win32.ActiveCfg = RelWithDebInfo|Win32
		{82A2B0D0-60EE-34A7-9908-E234879C56A0}.RelWithDebInfo|Win32.Build.0 = RelWithDebInfo|Win32
		{82A2B0D0-60EE-34A7-9908-E234879C56A0}.RelWithDebInfo|x64.ActiveCfg = RelWithDebInfo|x64
		{82A2B0D0-60EE-34A7-9908-E234879C56A0}.RelWithDebInfo|x64.Build.0 = RelWithDebInfo|x64
		{65F4E6D8-B161-3079-8A23-07C9A9C7B6F8}.Debug|Win32.ActiveCfg = Debug|Win32
		{65F4E6D8-B161-3079-8A23-07C9A9C7B6F8}.Debug|Win32.Build.0 = Debug|Win32
		{65F4E6D8-B161-3079-8A23-07C9A9C7B6F8}.Debug|x64.ActiveCfg = Debug|x64
		{65F4E6D8-B161-3079-8A23-07C9A9C7B6F8}.Debug|x64.Build.0 = Debug|x64
		{65F4E6D8-B161-3079-8A23-07C9A9C7B6F8}.MinSizeRel|Win32.ActiveCfg = MinSizeRel|Win32
		{65F4E6D8-B161-3079-8A23-07C9A9C7B6F8}.MinSizeRel|Win32.Build.0 = MinSizeRel|Win32
		{65F4E6D8-B161-3079-8A23-07C9A9C7B6F8}.MinSizeRel|x64.ActiveCfg = MinSizeRel|x64
		{65F4E6D8-B161-3079-8A23-07C9A9C7B6F8}.MinSizeRel|x64.Build.0 = MinSizeRel|x64
		{65F4E6D8-B161-3079-8A23-07C9A9C7B6F8}.Release|Win32.ActiveCfg = Release|Win32
		{65F4E6D8-B161-3079-8A23-07C9A9C7B6F8}.Release|Win32.Build.0 = Release|Win32
		{65F4E6D8-B161-3079-8A23-07C9A9C7B6F8}.Release|x64.ActiveCfg = Release|x64
		{65F4E6D8-B161-3079-8A23-07C9A9C7B6F8}.Release|x64.Build.0 = Release|x64
		{65F4E6D8-B161-3079-8A23-07C9A9C7B6F8}.RelWithDebInfo|Win32.ActiveCfg = RelWithDebInfo|Win32
		{65F4E6D8-B161-3079-8A23-07C9A9C7B6F8}.RelWithDebInfo|Win32.Build.0 = RelWithDebInfo|Win32
		{65F4E6D8-B161-3079-8A23-07C9A9C7B6F8}.RelWithDebInfo|x64.ActiveCfg = RelWithDebInfo|x64
		{65F4E6D8-B161-3079-8A23-07C9A9C7B6F8}.RelWithDebInfo|x64.Build.0 = RelWithDebInfo|x64
	EndGlobalSection
	GlobalSection(SolutionProperties) = preSolution
		HideSolutionNode = FALSE
	EndGlobalSection
	GlobalSection(ExtensibilityGlobals) = postSolution
		SolutionGuid = {EDC418DE-A0E8-4945-BF89-487E942765AA}
	EndGlobalSection
EndGlobal
